
Microsoft Visual Studio Solution File, Format Version 12.00
# Visual Studio Version 17
VisualStudioVersion = 17.5.33627.172
MinimumVisualStudioVersion = 10.0.40219.1
Project("{9A19103F-16F7-4668-BE54-9A1E7A4F7556}") = "NewsletterInterface", "NewsletterInterface.csproj", "{0831CAAE-72D3-49DF-BF05-4CA0425A7A54}"
EndProject
Project("{FAE04EC0-301F-11D3-BF4B-00C04F79EFBC}") = "NewsletterInterfaceTest", "..\NewsletterInterfaceTest\NewsletterInterfaceTest.csproj", "{2271E498-28F8-4B12-9DF1-8378134FEAAF}"
EndProject
Global
	GlobalSection(SolutionConfigurationPlatforms) = preSolution
		Debug|Any CPU = Debug|Any CPU
		Release|Any CPU = Release|Any CPU
	EndGlobalSection
	GlobalSection(ProjectConfigurationPlatforms) = postSolution
		{0831CAAE-72D3-49DF-BF05-4CA0425A7A54}.Debug|Any CPU.ActiveCfg = Debug|Any CPU
		{0831CAAE-72D3-49DF-BF05-4CA0425A7A54}.Debug|Any CPU.Build.0 = Debug|Any CPU
		{0831CAAE-72D3-49DF-BF05-4CA0425A7A54}.Release|Any CPU.ActiveCfg = Release|Any CPU
		{0831CAAE-72D3-49DF-BF05-4CA0425A7A54}.Release|Any CPU.Build.0 = Release|Any CPU
		{2271E498-28F8-4B12-9DF1-8378134FEAAF}.Debug|Any CPU.ActiveCfg = Debug|Any CPU
		{2271E498-28F8-4B12-9DF1-8378134FEAAF}.Debug|Any CPU.Build.0 = Debug|Any CPU
		{2271E498-28F8-4B12-9DF1-8378134FEAAF}.Release|Any CPU.ActiveCfg = Release|Any CPU
		{2271E498-28F8-4B12-9DF1-8378134FEAAF}.Release|Any CPU.Build.0 = Release|Any CPU
	EndGlobalSection
	GlobalSection(SolutionProperties) = preSolution
		HideSolutionNode = FALSE
	EndGlobalSection
	GlobalSection(ExtensibilityGlobals) = postSolution
		SolutionGuid = {2F3CD376-D385-47A5-A0F8-F3AF11872C9A}
	EndGlobalSection
EndGlobal
